// !$*UTF8*$!
{
	archiveVersion = 1;
	classes = {
	};
	objectVersion = 46;
	objects = {

/* Begin PBXBuildFile section */
		224EF3131C24310100B4BB5F /* MedicineCell.swift in Sources */ = {isa = PBXBuildFile; fileRef = 224EF3111C24310100B4BB5F /* MedicineCell.swift */; settings = {ASSET_TAGS = (); }; };
		224EF3141C24310100B4BB5F /* MedicineCell.xib in Resources */ = {isa = PBXBuildFile; fileRef = 224EF3121C24310100B4BB5F /* MedicineCell.xib */; settings = {ASSET_TAGS = (); }; };
		228C00B01C243629001AC5C5 /* VendorCell.swift in Sources */ = {isa = PBXBuildFile; fileRef = 228C00AE1C243629001AC5C5 /* VendorCell.swift */; settings = {ASSET_TAGS = (); }; };
		228C00B11C243629001AC5C5 /* VendorCell.xib in Resources */ = {isa = PBXBuildFile; fileRef = 228C00AF1C243629001AC5C5 /* VendorCell.xib */; settings = {ASSET_TAGS = (); }; };
		3349E71E1C2089EC007F417C /* CustomCell.swift in Sources */ = {isa = PBXBuildFile; fileRef = 3349E71C1C2089EC007F417C /* CustomCell.swift */; };
		3349E71F1C2089EC007F417C /* CustomCell.xib in Resources */ = {isa = PBXBuildFile; fileRef = 3349E71D1C2089EC007F417C /* CustomCell.xib */; };
		3349E7221C2093FA007F417C /* QnACell.swift in Sources */ = {isa = PBXBuildFile; fileRef = 3349E7201C2093FA007F417C /* QnACell.swift */; };
		3349E7231C2093FA007F417C /* QnACell.xib in Resources */ = {isa = PBXBuildFile; fileRef = 3349E7211C2093FA007F417C /* QnACell.xib */; };
		BA236D141BD1340800B64742 /* MoreViewController.swift in Sources */ = {isa = PBXBuildFile; fileRef = BA236D131BD1340800B64742 /* MoreViewController.swift */; };
		BA236D201BD19A3A00B64742 /* AskViewController.swift in Sources */ = {isa = PBXBuildFile; fileRef = BA236D1F1BD19A3A00B64742 /* AskViewController.swift */; };
		BA236D221BD19A4A00B64742 /* WalletViewController.swift in Sources */ = {isa = PBXBuildFile; fileRef = BA236D211BD19A4A00B64742 /* WalletViewController.swift */; };
		BA236D241BD19A5A00B64742 /* SearchViewController.swift in Sources */ = {isa = PBXBuildFile; fileRef = BA236D231BD19A5A00B64742 /* SearchViewController.swift */; };
		BA236D261BD19A6900B64742 /* ProfileViewController.swift in Sources */ = {isa = PBXBuildFile; fileRef = BA236D251BD19A6900B64742 /* ProfileViewController.swift */; };
		BA236D281BD19A8300B64742 /* HealthPackageViewController.swift in Sources */ = {isa = PBXBuildFile; fileRef = BA236D271BD19A8300B64742 /* HealthPackageViewController.swift */; };
		BA236D2A1BD19A9200B64742 /* DoctorListViewController.swift in Sources */ = {isa = PBXBuildFile; fileRef = BA236D291BD19A9200B64742 /* DoctorListViewController.swift */; };
		BA236D2C1BD19AA000B64742 /* HistoryViewController.swift in Sources */ = {isa = PBXBuildFile; fileRef = BA236D2B1BD19AA000B64742 /* HistoryViewController.swift */; };
		BA236D2F1BD19ADA00B64742 /* NotificationViewController.swift in Sources */ = {isa = PBXBuildFile; fileRef = BA236D2E1BD19ADA00B64742 /* NotificationViewController.swift */; };
		BA236D311BD22AAE00B64742 /* ProfileTableViewCell.swift in Sources */ = {isa = PBXBuildFile; fileRef = BA236D301BD22AAE00B64742 /* ProfileTableViewCell.swift */; };
		BA236D331BD230DA00B64742 /* Strings.swift in Sources */ = {isa = PBXBuildFile; fileRef = BA236D321BD230DA00B64742 /* Strings.swift */; };
		BA236D351BD2352700B64742 /* ColorAndFont.swift in Sources */ = {isa = PBXBuildFile; fileRef = BA236D341BD2352700B64742 /* ColorAndFont.swift */; };
		BA2A87551BCA97F00076F86A /* Extensions.swift in Sources */ = {isa = PBXBuildFile; fileRef = BA2A87541BCA97F00076F86A /* Extensions.swift */; };
		BA2A87591BCA9D750076F86A /* NewsFeedCell.swift in Sources */ = {isa = PBXBuildFile; fileRef = BA2A87581BCA9D750076F86A /* NewsFeedCell.swift */; };
		BA3303281BD3C4480034CE19 /* AilmentDetailViewController.swift in Sources */ = {isa = PBXBuildFile; fileRef = BA3303271BD3C4480034CE19 /* AilmentDetailViewController.swift */; };
		BA63D8C61BD0B9EF00A3BC02 /* LifeStyleCell.swift in Sources */ = {isa = PBXBuildFile; fileRef = BA63D8C51BD0B9EF00A3BC02 /* LifeStyleCell.swift */; };
		BA7ABAC21BC99F2200F72108 /* Accounts.framework in Frameworks */ = {isa = PBXBuildFile; fileRef = BA7ABAC11BC99F2200F72108 /* Accounts.framework */; settings = {ATTRIBUTES = (Weak, ); }; };
		BA7ABAC41BC99F2B00F72108 /* Social.framework in Frameworks */ = {isa = PBXBuildFile; fileRef = BA7ABAC31BC99F2B00F72108 /* Social.framework */; settings = {ATTRIBUTES = (Weak, ); }; };
		BA7ABACC1BC9B32800F72108 /* GoogleService-Info.plist in Resources */ = {isa = PBXBuildFile; fileRef = BA7ABACB1BC9B32800F72108 /* GoogleService-Info.plist */; };
		BA7B69231BC2C4AC00E144F6 /* AppDelegate.swift in Sources */ = {isa = PBXBuildFile; fileRef = BA7B69221BC2C4AC00E144F6 /* AppDelegate.swift */; };
		BA7B69251BC2C4AC00E144F6 /* SignInViewController.swift in Sources */ = {isa = PBXBuildFile; fileRef = BA7B69241BC2C4AC00E144F6 /* SignInViewController.swift */; };
		BA7B69281BC2C4AC00E144F6 /* Login.storyboard in Resources */ = {isa = PBXBuildFile; fileRef = BA7B69261BC2C4AC00E144F6 /* Login.storyboard */; };
		BA7B692B1BC2C4AC00E144F6 /* FitForever.xcdatamodeld in Sources */ = {isa = PBXBuildFile; fileRef = BA7B69291BC2C4AC00E144F6 /* FitForever.xcdatamodeld */; };
		BA7B692D1BC2C4AC00E144F6 /* Assets.xcassets in Resources */ = {isa = PBXBuildFile; fileRef = BA7B692C1BC2C4AC00E144F6 /* Assets.xcassets */; };
		BA7B69301BC2C4AC00E144F6 /* LaunchScreen.storyboard in Resources */ = {isa = PBXBuildFile; fileRef = BA7B692E1BC2C4AC00E144F6 /* LaunchScreen.storyboard */; };
		BA7B693B1BC2C4AC00E144F6 /* FitForeverTests.swift in Sources */ = {isa = PBXBuildFile; fileRef = BA7B693A1BC2C4AC00E144F6 /* FitForeverTests.swift */; };
		BA7B69461BC2C4AC00E144F6 /* FitForeverUITests.swift in Sources */ = {isa = PBXBuildFile; fileRef = BA7B69451BC2C4AC00E144F6 /* FitForeverUITests.swift */; };
		BA7B69541BC416CC00E144F6 /* FacebookManager.swift in Sources */ = {isa = PBXBuildFile; fileRef = BA7B69531BC416CC00E144F6 /* FacebookManager.swift */; };
		BA7B69561BC4183700E144F6 /* Constants.swift in Sources */ = {isa = PBXBuildFile; fileRef = BA7B69551BC4183700E144F6 /* Constants.swift */; };
		BA7B69581BC45E9300E144F6 /* SignUpViewController.swift in Sources */ = {isa = PBXBuildFile; fileRef = BA7B69571BC45E9300E144F6 /* SignUpViewController.swift */; };
		BA7B695B1BC46A1500E144F6 /* Utility.swift in Sources */ = {isa = PBXBuildFile; fileRef = BA7B695A1BC46A1500E144F6 /* Utility.swift */; };
		BA7B695D1BC4EA0B00E144F6 /* AilmentViewController.swift in Sources */ = {isa = PBXBuildFile; fileRef = BA7B695C1BC4EA0A00E144F6 /* AilmentViewController.swift */; };
		BAE063061C09C8DD00495000 /* CustomTabViewController.swift in Sources */ = {isa = PBXBuildFile; fileRef = BAE063051C09C8DD00495000 /* CustomTabViewController.swift */; };
		BAE063081C09C9F500495000 /* CustomRelationshipSegue.swift in Sources */ = {isa = PBXBuildFile; fileRef = BAE063071C09C9F500495000 /* CustomRelationshipSegue.swift */; };
		BAE0630A1C0AAD2000495000 /* mosquito.png in Resources */ = {isa = PBXBuildFile; fileRef = BAE063091C0AAD2000495000 /* mosquito.png */; };
		BAE37A921C1317220068129F /* SuggestedDoctorsCell.xib in Resources */ = {isa = PBXBuildFile; fileRef = BAE37A911C1317220068129F /* SuggestedDoctorsCell.xib */; };
		BAE37A9D1C132A670068129F /* Home.storyboard in Resources */ = {isa = PBXBuildFile; fileRef = BAE37A9B1C132A670068129F /* Home.storyboard */; };
		BAE37AA31C132F8B0068129F /* HealthTopicSearchCell.xib in Resources */ = {isa = PBXBuildFile; fileRef = BAE37AA21C132F8B0068129F /* HealthTopicSearchCell.xib */; };
		BAE37AA51C1330050068129F /* MedicineTreatmentCell.xib in Resources */ = {isa = PBXBuildFile; fileRef = BAE37AA41C1330050068129F /* MedicineTreatmentCell.xib */; };
		BAE37AA71C1333CF0068129F /* NewsFeedCell.xib in Resources */ = {isa = PBXBuildFile; fileRef = BAE37AA61C1333CF0068129F /* NewsFeedCell.xib */; };
		BAE37AAA1C133C3D0068129F /* AnswerByDoctorCollectionViewCell.swift in Sources */ = {isa = PBXBuildFile; fileRef = BAE37AA81C133C3D0068129F /* AnswerByDoctorCollectionViewCell.swift */; };
		BAE37AAB1C133C3D0068129F /* AnswerByDoctorCollectionViewCell.xib in Resources */ = {isa = PBXBuildFile; fileRef = BAE37AA91C133C3D0068129F /* AnswerByDoctorCollectionViewCell.xib */; };
		BAF5E6741C0AD15A00013E83 /* SuggestedDoctorsCell.swift in Sources */ = {isa = PBXBuildFile; fileRef = BAF5E6731C0AD15A00013E83 /* SuggestedDoctorsCell.swift */; };
		BAF5E6781C0C7F6400013E83 /* DoctorCell.swift in Sources */ = {isa = PBXBuildFile; fileRef = BAF5E6761C0C7F6400013E83 /* DoctorCell.swift */; };
		BAF5E6791C0C7F6400013E83 /* DoctorCell.xib in Resources */ = {isa = PBXBuildFile; fileRef = BAF5E6771C0C7F6400013E83 /* DoctorCell.xib */; };
		BAF5E6811C0DB16000013E83 /* HealthTopicSearchCell.swift in Sources */ = {isa = PBXBuildFile; fileRef = BAF5E6801C0DB16000013E83 /* HealthTopicSearchCell.swift */; };
		BAF5E6831C0DDD2800013E83 /* MedicineTreatmentCell.swift in Sources */ = {isa = PBXBuildFile; fileRef = BAF5E6821C0DDD2800013E83 /* MedicineTreatmentCell.swift */; };
		BAF5E6871C0E474F00013E83 /* search_data.json in Resources */ = {isa = PBXBuildFile; fileRef = BAF5E6861C0E474F00013E83 /* search_data.json */; };
		F1565E84BBAFA7BB2BE106FA /* Pods_FitForever.framework in Frameworks */ = {isa = PBXBuildFile; fileRef = 69767E0D88BEA9BF24C84AF9 /* Pods_FitForever.framework */; };
/* End PBXBuildFile section */

/* Begin PBXContainerItemProxy section */
		BA7B69371BC2C4AC00E144F6 /* PBXContainerItemProxy */ = {
			isa = PBXContainerItemProxy;
			containerPortal = BA7B69171BC2C4AB00E144F6 /* Project object */;
			proxyType = 1;
			remoteGlobalIDString = BA7B691E1BC2C4AC00E144F6;
			remoteInfo = FitForever;
		};
		BA7B69421BC2C4AC00E144F6 /* PBXContainerItemProxy */ = {
			isa = PBXContainerItemProxy;
			containerPortal = BA7B69171BC2C4AB00E144F6 /* Project object */;
			proxyType = 1;
			remoteGlobalIDString = BA7B691E1BC2C4AC00E144F6;
			remoteInfo = FitForever;
		};
/* End PBXContainerItemProxy section */

/* Begin PBXFileReference section */
		224EF3111C24310100B4BB5F /* MedicineCell.swift */ = {isa = PBXFileReference; fileEncoding = 4; lastKnownFileType = sourcecode.swift; path = MedicineCell.swift; sourceTree = "<group>"; };
		224EF3121C24310100B4BB5F /* MedicineCell.xib */ = {isa = PBXFileReference; fileEncoding = 4; lastKnownFileType = file.xib; path = MedicineCell.xib; sourceTree = "<group>"; };
		228C00AE1C243629001AC5C5 /* VendorCell.swift */ = {isa = PBXFileReference; fileEncoding = 4; lastKnownFileType = sourcecode.swift; path = VendorCell.swift; sourceTree = "<group>"; };
		228C00AF1C243629001AC5C5 /* VendorCell.xib */ = {isa = PBXFileReference; fileEncoding = 4; lastKnownFileType = file.xib; path = VendorCell.xib; sourceTree = "<group>"; };
		3349E71C1C2089EC007F417C /* CustomCell.swift */ = {isa = PBXFileReference; fileEncoding = 4; lastKnownFileType = sourcecode.swift; path = CustomCell.swift; sourceTree = "<group>"; };
		3349E71D1C2089EC007F417C /* CustomCell.xib */ = {isa = PBXFileReference; fileEncoding = 4; lastKnownFileType = file.xib; path = CustomCell.xib; sourceTree = "<group>"; };
		3349E7201C2093FA007F417C /* QnACell.swift */ = {isa = PBXFileReference; fileEncoding = 4; lastKnownFileType = sourcecode.swift; path = QnACell.swift; sourceTree = "<group>"; };
		3349E7211C2093FA007F417C /* QnACell.xib */ = {isa = PBXFileReference; fileEncoding = 4; lastKnownFileType = file.xib; path = QnACell.xib; sourceTree = "<group>"; };
		4D7320EC273A0DD36BF41312 /* Pods-FitForever.release.xcconfig */ = {isa = PBXFileReference; includeInIndex = 1; lastKnownFileType = text.xcconfig; name = "Pods-FitForever.release.xcconfig"; path = "Pods/Target Support Files/Pods-FitForever/Pods-FitForever.release.xcconfig"; sourceTree = "<group>"; };
		69767E0D88BEA9BF24C84AF9 /* Pods_FitForever.framework */ = {isa = PBXFileReference; explicitFileType = wrapper.framework; includeInIndex = 0; path = Pods_FitForever.framework; sourceTree = BUILT_PRODUCTS_DIR; };
		BA236D131BD1340800B64742 /* MoreViewController.swift */ = {isa = PBXFileReference; fileEncoding = 4; lastKnownFileType = sourcecode.swift; path = MoreViewController.swift; sourceTree = "<group>"; };
		BA236D1F1BD19A3A00B64742 /* AskViewController.swift */ = {isa = PBXFileReference; fileEncoding = 4; lastKnownFileType = sourcecode.swift; path = AskViewController.swift; sourceTree = "<group>"; };
		BA236D211BD19A4A00B64742 /* WalletViewController.swift */ = {isa = PBXFileReference; fileEncoding = 4; lastKnownFileType = sourcecode.swift; path = WalletViewController.swift; sourceTree = "<group>"; };
		BA236D231BD19A5A00B64742 /* SearchViewController.swift */ = {isa = PBXFileReference; fileEncoding = 4; lastKnownFileType = sourcecode.swift; path = SearchViewController.swift; sourceTree = "<group>"; };
		BA236D251BD19A6900B64742 /* ProfileViewController.swift */ = {isa = PBXFileReference; fileEncoding = 4; lastKnownFileType = sourcecode.swift; path = ProfileViewController.swift; sourceTree = "<group>"; };
		BA236D271BD19A8300B64742 /* HealthPackageViewController.swift */ = {isa = PBXFileReference; fileEncoding = 4; lastKnownFileType = sourcecode.swift; path = HealthPackageViewController.swift; sourceTree = "<group>"; };
		BA236D291BD19A9200B64742 /* DoctorListViewController.swift */ = {isa = PBXFileReference; fileEncoding = 4; lastKnownFileType = sourcecode.swift; path = DoctorListViewController.swift; sourceTree = "<group>"; };
		BA236D2B1BD19AA000B64742 /* HistoryViewController.swift */ = {isa = PBXFileReference; fileEncoding = 4; lastKnownFileType = sourcecode.swift; path = HistoryViewController.swift; sourceTree = "<group>"; };
		BA236D2E1BD19ADA00B64742 /* NotificationViewController.swift */ = {isa = PBXFileReference; fileEncoding = 4; lastKnownFileType = sourcecode.swift; path = NotificationViewController.swift; sourceTree = "<group>"; };
		BA236D301BD22AAE00B64742 /* ProfileTableViewCell.swift */ = {isa = PBXFileReference; fileEncoding = 4; lastKnownFileType = sourcecode.swift; path = ProfileTableViewCell.swift; sourceTree = "<group>"; };
		BA236D321BD230DA00B64742 /* Strings.swift */ = {isa = PBXFileReference; fileEncoding = 4; lastKnownFileType = sourcecode.swift; path = Strings.swift; sourceTree = "<group>"; };
		BA236D341BD2352700B64742 /* ColorAndFont.swift */ = {isa = PBXFileReference; fileEncoding = 4; lastKnownFileType = sourcecode.swift; path = ColorAndFont.swift; sourceTree = "<group>"; };
		BA2A87541BCA97F00076F86A /* Extensions.swift */ = {isa = PBXFileReference; fileEncoding = 4; lastKnownFileType = sourcecode.swift; path = Extensions.swift; sourceTree = "<group>"; };
		BA2A87581BCA9D750076F86A /* NewsFeedCell.swift */ = {isa = PBXFileReference; fileEncoding = 4; lastKnownFileType = sourcecode.swift; path = NewsFeedCell.swift; sourceTree = "<group>"; };
		BA3303271BD3C4480034CE19 /* AilmentDetailViewController.swift */ = {isa = PBXFileReference; fileEncoding = 4; lastKnownFileType = sourcecode.swift; path = AilmentDetailViewController.swift; sourceTree = "<group>"; };
		BA63D8C51BD0B9EF00A3BC02 /* LifeStyleCell.swift */ = {isa = PBXFileReference; fileEncoding = 4; lastKnownFileType = sourcecode.swift; path = LifeStyleCell.swift; sourceTree = "<group>"; };
		BA7ABAC11BC99F2200F72108 /* Accounts.framework */ = {isa = PBXFileReference; lastKnownFileType = wrapper.framework; name = Accounts.framework; path = System/Library/Frameworks/Accounts.framework; sourceTree = SDKROOT; };
		BA7ABAC31BC99F2B00F72108 /* Social.framework */ = {isa = PBXFileReference; lastKnownFileType = wrapper.framework; name = Social.framework; path = System/Library/Frameworks/Social.framework; sourceTree = SDKROOT; };
		BA7ABACB1BC9B32800F72108 /* GoogleService-Info.plist */ = {isa = PBXFileReference; fileEncoding = 4; lastKnownFileType = text.plist.xml; path = "GoogleService-Info.plist"; sourceTree = "<group>"; };
		BA7B691F1BC2C4AC00E144F6 /* FitForever.app */ = {isa = PBXFileReference; explicitFileType = wrapper.application; includeInIndex = 0; path = FitForever.app; sourceTree = BUILT_PRODUCTS_DIR; };
		BA7B69221BC2C4AC00E144F6 /* AppDelegate.swift */ = {isa = PBXFileReference; lastKnownFileType = sourcecode.swift; path = AppDelegate.swift; sourceTree = "<group>"; };
		BA7B69241BC2C4AC00E144F6 /* SignInViewController.swift */ = {isa = PBXFileReference; lastKnownFileType = sourcecode.swift; path = SignInViewController.swift; sourceTree = "<group>"; };
		BA7B69271BC2C4AC00E144F6 /* Base */ = {isa = PBXFileReference; lastKnownFileType = file.storyboard; name = Base; path = Base.lproj/Login.storyboard; sourceTree = "<group>"; };
		BA7B692A1BC2C4AC00E144F6 /* FitForever.xcdatamodel */ = {isa = PBXFileReference; lastKnownFileType = wrapper.xcdatamodel; path = FitForever.xcdatamodel; sourceTree = "<group>"; };
		BA7B692C1BC2C4AC00E144F6 /* Assets.xcassets */ = {isa = PBXFileReference; lastKnownFileType = folder.assetcatalog; path = Assets.xcassets; sourceTree = "<group>"; };
		BA7B692F1BC2C4AC00E144F6 /* Base */ = {isa = PBXFileReference; lastKnownFileType = file.storyboard; name = Base; path = Base.lproj/LaunchScreen.storyboard; sourceTree = "<group>"; };
		BA7B69311BC2C4AC00E144F6 /* Info.plist */ = {isa = PBXFileReference; lastKnownFileType = text.plist.xml; path = Info.plist; sourceTree = "<group>"; };
		BA7B69361BC2C4AC00E144F6 /* FitForeverTests.xctest */ = {isa = PBXFileReference; explicitFileType = wrapper.cfbundle; includeInIndex = 0; path = FitForeverTests.xctest; sourceTree = BUILT_PRODUCTS_DIR; };
		BA7B693A1BC2C4AC00E144F6 /* FitForeverTests.swift */ = {isa = PBXFileReference; lastKnownFileType = sourcecode.swift; path = FitForeverTests.swift; sourceTree = "<group>"; };
		BA7B693C1BC2C4AC00E144F6 /* Info.plist */ = {isa = PBXFileReference; lastKnownFileType = text.plist.xml; path = Info.plist; sourceTree = "<group>"; };
		BA7B69411BC2C4AC00E144F6 /* FitForeverUITests.xctest */ = {isa = PBXFileReference; explicitFileType = wrapper.cfbundle; includeInIndex = 0; path = FitForeverUITests.xctest; sourceTree = BUILT_PRODUCTS_DIR; };
		BA7B69451BC2C4AC00E144F6 /* FitForeverUITests.swift */ = {isa = PBXFileReference; lastKnownFileType = sourcecode.swift; path = FitForeverUITests.swift; sourceTree = "<group>"; };
		BA7B69471BC2C4AC00E144F6 /* Info.plist */ = {isa = PBXFileReference; lastKnownFileType = text.plist.xml; path = Info.plist; sourceTree = "<group>"; };
		BA7B69531BC416CC00E144F6 /* FacebookManager.swift */ = {isa = PBXFileReference; fileEncoding = 4; lastKnownFileType = sourcecode.swift; path = FacebookManager.swift; sourceTree = "<group>"; };
		BA7B69551BC4183700E144F6 /* Constants.swift */ = {isa = PBXFileReference; fileEncoding = 4; lastKnownFileType = sourcecode.swift; path = Constants.swift; sourceTree = "<group>"; };
		BA7B69571BC45E9300E144F6 /* SignUpViewController.swift */ = {isa = PBXFileReference; fileEncoding = 4; lastKnownFileType = sourcecode.swift; path = SignUpViewController.swift; sourceTree = "<group>"; };
		BA7B695A1BC46A1500E144F6 /* Utility.swift */ = {isa = PBXFileReference; fileEncoding = 4; lastKnownFileType = sourcecode.swift; path = Utility.swift; sourceTree = "<group>"; };
		BA7B695C1BC4EA0A00E144F6 /* AilmentViewController.swift */ = {isa = PBXFileReference; fileEncoding = 4; lastKnownFileType = sourcecode.swift; path = AilmentViewController.swift; sourceTree = "<group>"; };
		BAE063051C09C8DD00495000 /* CustomTabViewController.swift */ = {isa = PBXFileReference; fileEncoding = 4; lastKnownFileType = sourcecode.swift; path = CustomTabViewController.swift; sourceTree = "<group>"; };
		BAE063071C09C9F500495000 /* CustomRelationshipSegue.swift */ = {isa = PBXFileReference; fileEncoding = 4; lastKnownFileType = sourcecode.swift; path = CustomRelationshipSegue.swift; sourceTree = "<group>"; };
		BAE063091C0AAD2000495000 /* mosquito.png */ = {isa = PBXFileReference; lastKnownFileType = image.png; path = mosquito.png; sourceTree = "<group>"; };
		BAE37A911C1317220068129F /* SuggestedDoctorsCell.xib */ = {isa = PBXFileReference; fileEncoding = 4; lastKnownFileType = file.xib; path = SuggestedDoctorsCell.xib; sourceTree = "<group>"; };
		BAE37A9C1C132A670068129F /* Base */ = {isa = PBXFileReference; lastKnownFileType = file.storyboard; name = Base; path = Base.lproj/Home.storyboard; sourceTree = "<group>"; };
		BAE37AA21C132F8B0068129F /* HealthTopicSearchCell.xib */ = {isa = PBXFileReference; fileEncoding = 4; lastKnownFileType = file.xib; path = HealthTopicSearchCell.xib; sourceTree = "<group>"; };
		BAE37AA41C1330050068129F /* MedicineTreatmentCell.xib */ = {isa = PBXFileReference; fileEncoding = 4; lastKnownFileType = file.xib; path = MedicineTreatmentCell.xib; sourceTree = "<group>"; };
		BAE37AA61C1333CF0068129F /* NewsFeedCell.xib */ = {isa = PBXFileReference; fileEncoding = 4; lastKnownFileType = file.xib; path = NewsFeedCell.xib; sourceTree = "<group>"; };
		BAE37AA81C133C3D0068129F /* AnswerByDoctorCollectionViewCell.swift */ = {isa = PBXFileReference; fileEncoding = 4; lastKnownFileType = sourcecode.swift; path = AnswerByDoctorCollectionViewCell.swift; sourceTree = "<group>"; };
		BAE37AA91C133C3D0068129F /* AnswerByDoctorCollectionViewCell.xib */ = {isa = PBXFileReference; fileEncoding = 4; lastKnownFileType = file.xib; path = AnswerByDoctorCollectionViewCell.xib; sourceTree = "<group>"; };
		BAF5E6731C0AD15A00013E83 /* SuggestedDoctorsCell.swift */ = {isa = PBXFileReference; fileEncoding = 4; lastKnownFileType = sourcecode.swift; path = SuggestedDoctorsCell.swift; sourceTree = "<group>"; };
		BAF5E6761C0C7F6400013E83 /* DoctorCell.swift */ = {isa = PBXFileReference; fileEncoding = 4; lastKnownFileType = sourcecode.swift; path = DoctorCell.swift; sourceTree = "<group>"; };
		BAF5E6771C0C7F6400013E83 /* DoctorCell.xib */ = {isa = PBXFileReference; fileEncoding = 4; lastKnownFileType = file.xib; path = DoctorCell.xib; sourceTree = "<group>"; };
		BAF5E6801C0DB16000013E83 /* HealthTopicSearchCell.swift */ = {isa = PBXFileReference; fileEncoding = 4; lastKnownFileType = sourcecode.swift; path = HealthTopicSearchCell.swift; sourceTree = "<group>"; };
		BAF5E6821C0DDD2800013E83 /* MedicineTreatmentCell.swift */ = {isa = PBXFileReference; fileEncoding = 4; lastKnownFileType = sourcecode.swift; path = MedicineTreatmentCell.swift; sourceTree = "<group>"; };
		BAF5E6861C0E474F00013E83 /* search_data.json */ = {isa = PBXFileReference; fileEncoding = 4; lastKnownFileType = text.json; path = search_data.json; sourceTree = "<group>"; };
		C921EA658E686C973F34CEEF /* Pods-FitForever.debug.xcconfig */ = {isa = PBXFileReference; includeInIndex = 1; lastKnownFileType = text.xcconfig; name = "Pods-FitForever.debug.xcconfig"; path = "Pods/Target Support Files/Pods-FitForever/Pods-FitForever.debug.xcconfig"; sourceTree = "<group>"; };
/* End PBXFileReference section */

/* Begin PBXFrameworksBuildPhase section */
		BA7B691C1BC2C4AC00E144F6 /* Frameworks */ = {
			isa = PBXFrameworksBuildPhase;
			buildActionMask = 2147483647;
			files = (
				BA7ABAC41BC99F2B00F72108 /* Social.framework in Frameworks */,
				BA7ABAC21BC99F2200F72108 /* Accounts.framework in Frameworks */,
				F1565E84BBAFA7BB2BE106FA /* Pods_FitForever.framework in Frameworks */,
			);
			runOnlyForDeploymentPostprocessing = 0;
		};
		BA7B69331BC2C4AC00E144F6 /* Frameworks */ = {
			isa = PBXFrameworksBuildPhase;
			buildActionMask = 2147483647;
			files = (
			);
			runOnlyForDeploymentPostprocessing = 0;
		};
		BA7B693E1BC2C4AC00E144F6 /* Frameworks */ = {
			isa = PBXFrameworksBuildPhase;
			buildActionMask = 2147483647;
			files = (
			);
			runOnlyForDeploymentPostprocessing = 0;
		};
/* End PBXFrameworksBuildPhase section */

/* Begin PBXGroup section */
		95653C0EE4C53EA5AC7BD0A1 /* Pods */ = {
			isa = PBXGroup;
			children = (
				C921EA658E686C973F34CEEF /* Pods-FitForever.debug.xcconfig */,
				4D7320EC273A0DD36BF41312 /* Pods-FitForever.release.xcconfig */,
			);
			name = Pods;
			sourceTree = "<group>";
		};
		BA236D151BD15C3700B64742 /* HealthPackage */ = {
			isa = PBXGroup;
			children = (
				BA236D271BD19A8300B64742 /* HealthPackageViewController.swift */,
			);
			name = HealthPackage;
			sourceTree = "<group>";
		};
		BA236D161BD15C4400B64742 /* Ailment */ = {
			isa = PBXGroup;
			children = (
				BA7B695C1BC4EA0A00E144F6 /* AilmentViewController.swift */,
				BA63D8C51BD0B9EF00A3BC02 /* LifeStyleCell.swift */,
				BA3303271BD3C4480034CE19 /* AilmentDetailViewController.swift */,
			);
			name = Ailment;
			sourceTree = "<group>";
		};
		BA236D171BD15C4C00B64742 /* Doctor List */ = {
			isa = PBXGroup;
			children = (
				BA236D291BD19A9200B64742 /* DoctorListViewController.swift */,
			);
			name = "Doctor List";
			sourceTree = "<group>";
		};
		BA236D181BD15C5A00B64742 /* Search */ = {
			isa = PBXGroup;
			children = (
				BA236D231BD19A5A00B64742 /* SearchViewController.swift */,
				BAF5E6801C0DB16000013E83 /* HealthTopicSearchCell.swift */,
				BAE37AA21C132F8B0068129F /* HealthTopicSearchCell.xib */,
				BAF5E6821C0DDD2800013E83 /* MedicineTreatmentCell.swift */,
				BAE37AA41C1330050068129F /* MedicineTreatmentCell.xib */,
			);
			name = Search;
			sourceTree = "<group>";
		};
		BA236D191BD15C6700B64742 /* Home */ = {
			isa = PBXGroup;
			children = (
				BAE37A9B1C132A670068129F /* Home.storyboard */,
				BAE063051C09C8DD00495000 /* CustomTabViewController.swift */,
				BAE063071C09C9F500495000 /* CustomRelationshipSegue.swift */,
			);
			name = Home;
			sourceTree = "<group>";
		};
		BA236D1A1BD15C7900B64742 /* Wallet */ = {
			isa = PBXGroup;
			children = (
				BA236D211BD19A4A00B64742 /* WalletViewController.swift */,
			);
			name = Wallet;
			sourceTree = "<group>";
		};
		BA236D1B1BD15C8500B64742 /* Ask */ = {
			isa = PBXGroup;
			children = (
				BA236D1F1BD19A3A00B64742 /* AskViewController.swift */,
			);
			name = Ask;
			sourceTree = "<group>";
		};
		BA236D1C1BD15E7300B64742 /* Profile */ = {
			isa = PBXGroup;
			children = (
				BA236D251BD19A6900B64742 /* ProfileViewController.swift */,
				BA236D301BD22AAE00B64742 /* ProfileTableViewCell.swift */,
			);
			name = Profile;
			sourceTree = "<group>";
		};
		BA236D1D1BD199DC00B64742 /* More */ = {
			isa = PBXGroup;
			children = (
				BA236D131BD1340800B64742 /* MoreViewController.swift */,
				BA236D151BD15C3700B64742 /* HealthPackage */,
				BA236D171BD15C4C00B64742 /* Doctor List */,
				BA236D1E1BD199EB00B64742 /* History */,
			);
			name = More;
			sourceTree = "<group>";
		};
		BA236D1E1BD199EB00B64742 /* History */ = {
			isa = PBXGroup;
			children = (
				BA236D2B1BD19AA000B64742 /* HistoryViewController.swift */,
			);
			name = History;
			sourceTree = "<group>";
		};
		BA236D2D1BD19AC400B64742 /* Notification */ = {
			isa = PBXGroup;
			children = (
				BA236D2E1BD19ADA00B64742 /* NotificationViewController.swift */,
			);
			name = Notification;
			sourceTree = "<group>";
		};
		BA7B69161BC2C4AB00E144F6 = {
			isa = PBXGroup;
			children = (
				BA7ABACB1BC9B32800F72108 /* GoogleService-Info.plist */,
				BA7B69211BC2C4AC00E144F6 /* FitForever */,
				BA7B69391BC2C4AC00E144F6 /* FitForeverTests */,
				BA7B69441BC2C4AC00E144F6 /* FitForeverUITests */,
				BA7B69201BC2C4AC00E144F6 /* Products */,
				95653C0EE4C53EA5AC7BD0A1 /* Pods */,
				E9D17E4EAC41509363E6F8A3 /* Frameworks */,
			);
			sourceTree = "<group>";
		};
		BA7B69201BC2C4AC00E144F6 /* Products */ = {
			isa = PBXGroup;
			children = (
				BA7B691F1BC2C4AC00E144F6 /* FitForever.app */,
				BA7B69361BC2C4AC00E144F6 /* FitForeverTests.xctest */,
				BA7B69411BC2C4AC00E144F6 /* FitForeverUITests.xctest */,
			);
			name = Products;
			sourceTree = "<group>";
		};
		BA7B69211BC2C4AC00E144F6 /* FitForever */ = {
			isa = PBXGroup;
			children = (
				BAE063091C0AAD2000495000 /* mosquito.png */,
				BAF5E6751C0C7F2F00013E83 /* CustomCells */,
				BA236D191BD15C6700B64742 /* Home */,
				BA236D161BD15C4400B64742 /* Ailment */,
				BA236D1B1BD15C8500B64742 /* Ask */,
				BA236D1A1BD15C7900B64742 /* Wallet */,
				BA236D1D1BD199DC00B64742 /* More */,
				BA236D181BD15C5A00B64742 /* Search */,
				BA236D1C1BD15E7300B64742 /* Profile */,
				BA236D2D1BD19AC400B64742 /* Notification */,
				BA7B69591BC469D800E144F6 /* Auth */,
				BA7B69221BC2C4AC00E144F6 /* AppDelegate.swift */,
				BA7B692C1BC2C4AC00E144F6 /* Assets.xcassets */,
				BA7B692E1BC2C4AC00E144F6 /* LaunchScreen.storyboard */,
				BA7B69311BC2C4AC00E144F6 /* Info.plist */,
				BA7B69291BC2C4AC00E144F6 /* FitForever.xcdatamodeld */,
				BA7B69551BC4183700E144F6 /* Constants.swift */,
				BA7B695A1BC46A1500E144F6 /* Utility.swift */,
				BA2A87541BCA97F00076F86A /* Extensions.swift */,
				BA236D321BD230DA00B64742 /* Strings.swift */,
				BA236D341BD2352700B64742 /* ColorAndFont.swift */,
				BAF5E6861C0E474F00013E83 /* search_data.json */,
			);
			path = FitForever;
			sourceTree = "<group>";
		};
		BA7B69391BC2C4AC00E144F6 /* FitForeverTests */ = {
			isa = PBXGroup;
			children = (
				BA7B693A1BC2C4AC00E144F6 /* FitForeverTests.swift */,
				BA7B693C1BC2C4AC00E144F6 /* Info.plist */,
			);
			path = FitForeverTests;
			sourceTree = "<group>";
		};
		BA7B69441BC2C4AC00E144F6 /* FitForeverUITests */ = {
			isa = PBXGroup;
			children = (
				BA7B69451BC2C4AC00E144F6 /* FitForeverUITests.swift */,
				BA7B69471BC2C4AC00E144F6 /* Info.plist */,
			);
			path = FitForeverUITests;
			sourceTree = "<group>";
		};
		BA7B69591BC469D800E144F6 /* Auth */ = {
			isa = PBXGroup;
			children = (
				BA7B69241BC2C4AC00E144F6 /* SignInViewController.swift */,
				BA7B69531BC416CC00E144F6 /* FacebookManager.swift */,
				BA7B69571BC45E9300E144F6 /* SignUpViewController.swift */,
				BA7B69261BC2C4AC00E144F6 /* Login.storyboard */,
			);
			name = Auth;
			sourceTree = "<group>";
		};
		BAF5E6751C0C7F2F00013E83 /* CustomCells */ = {
			isa = PBXGroup;
			children = (
				BAF5E6761C0C7F6400013E83 /* DoctorCell.swift */,
				BAF5E6771C0C7F6400013E83 /* DoctorCell.xib */,
				BA2A87581BCA9D750076F86A /* NewsFeedCell.swift */,
				BAE37AA61C1333CF0068129F /* NewsFeedCell.xib */,
				BAF5E6731C0AD15A00013E83 /* SuggestedDoctorsCell.swift */,
				BAE37A911C1317220068129F /* SuggestedDoctorsCell.xib */,
				BAE37AA81C133C3D0068129F /* AnswerByDoctorCollectionViewCell.swift */,
				BAE37AA91C133C3D0068129F /* AnswerByDoctorCollectionViewCell.xib */,
				3349E71C1C2089EC007F417C /* CustomCell.swift */,
				3349E71D1C2089EC007F417C /* CustomCell.xib */,
				3349E7201C2093FA007F417C /* QnACell.swift */,
				3349E7211C2093FA007F417C /* QnACell.xib */,
				224EF3111C24310100B4BB5F /* MedicineCell.swift */,
				224EF3121C24310100B4BB5F /* MedicineCell.xib */,
				228C00AE1C243629001AC5C5 /* VendorCell.swift */,
				228C00AF1C243629001AC5C5 /* VendorCell.xib */,
			);
			name = CustomCells;
			sourceTree = "<group>";
		};
		E9D17E4EAC41509363E6F8A3 /* Frameworks */ = {
			isa = PBXGroup;
			children = (
				BA7ABAC31BC99F2B00F72108 /* Social.framework */,
				BA7ABAC11BC99F2200F72108 /* Accounts.framework */,
				69767E0D88BEA9BF24C84AF9 /* Pods_FitForever.framework */,
			);
			name = Frameworks;
			sourceTree = "<group>";
		};
/* End PBXGroup section */

/* Begin PBXNativeTarget section */
		BA7B691E1BC2C4AC00E144F6 /* FitForever */ = {
			isa = PBXNativeTarget;
			buildConfigurationList = BA7B694A1BC2C4AC00E144F6 /* Build configuration list for PBXNativeTarget "FitForever" */;
			buildPhases = (
				CF4231F9593A650F118000AB /* Check Pods Manifest.lock */,
				BA7B691B1BC2C4AC00E144F6 /* Sources */,
				BA7B691C1BC2C4AC00E144F6 /* Frameworks */,
				BA7B691D1BC2C4AC00E144F6 /* Resources */,
				D29706F77F9F81F01E601D11 /* Embed Pods Frameworks */,
				9536B6AEF856771465B44760 /* Copy Pods Resources */,
				BA7ABAC01BC996EB00F72108 /* ShellScript */,
			);
			buildRules = (
			);
			dependencies = (
			);
			name = FitForever;
			productName = FitForever;
			productReference = BA7B691F1BC2C4AC00E144F6 /* FitForever.app */;
			productType = "com.apple.product-type.application";
		};
		BA7B69351BC2C4AC00E144F6 /* FitForeverTests */ = {
			isa = PBXNativeTarget;
			buildConfigurationList = BA7B694D1BC2C4AC00E144F6 /* Build configuration list for PBXNativeTarget "FitForeverTests" */;
			buildPhases = (
				BA7B69321BC2C4AC00E144F6 /* Sources */,
				BA7B69331BC2C4AC00E144F6 /* Frameworks */,
				BA7B69341BC2C4AC00E144F6 /* Resources */,
			);
			buildRules = (
			);
			dependencies = (
				BA7B69381BC2C4AC00E144F6 /* PBXTargetDependency */,
			);
			name = FitForeverTests;
			productName = FitForeverTests;
			productReference = BA7B69361BC2C4AC00E144F6 /* FitForeverTests.xctest */;
			productType = "com.apple.product-type.bundle.unit-test";
		};
		BA7B69401BC2C4AC00E144F6 /* FitForeverUITests */ = {
			isa = PBXNativeTarget;
			buildConfigurationList = BA7B69501BC2C4AC00E144F6 /* Build configuration list for PBXNativeTarget "FitForeverUITests" */;
			buildPhases = (
				BA7B693D1BC2C4AC00E144F6 /* Sources */,
				BA7B693E1BC2C4AC00E144F6 /* Frameworks */,
				BA7B693F1BC2C4AC00E144F6 /* Resources */,
			);
			buildRules = (
			);
			dependencies = (
				BA7B69431BC2C4AC00E144F6 /* PBXTargetDependency */,
			);
			name = FitForeverUITests;
			productName = FitForeverUITests;
			productReference = BA7B69411BC2C4AC00E144F6 /* FitForeverUITests.xctest */;
			productType = "com.apple.product-type.bundle.ui-testing";
		};
/* End PBXNativeTarget section */

/* Begin PBXProject section */
		BA7B69171BC2C4AB00E144F6 /* Project object */ = {
			isa = PBXProject;
			attributes = {
				LastSwiftUpdateCheck = 0700;
				LastUpgradeCheck = 0700;
				ORGANIZATIONNAME = "Fit Forever";
				TargetAttributes = {
					BA7B691E1BC2C4AC00E144F6 = {
						CreatedOnToolsVersion = 7.0;
					};
					BA7B69351BC2C4AC00E144F6 = {
						CreatedOnToolsVersion = 7.0;
						TestTargetID = BA7B691E1BC2C4AC00E144F6;
					};
					BA7B69401BC2C4AC00E144F6 = {
						CreatedOnToolsVersion = 7.0;
						TestTargetID = BA7B691E1BC2C4AC00E144F6;
					};
				};
			};
			buildConfigurationList = BA7B691A1BC2C4AB00E144F6 /* Build configuration list for PBXProject "FitForever" */;
			compatibilityVersion = "Xcode 3.2";
			developmentRegion = English;
			hasScannedForEncodings = 0;
			knownRegions = (
				en,
				Base,
			);
			mainGroup = BA7B69161BC2C4AB00E144F6;
			productRefGroup = BA7B69201BC2C4AC00E144F6 /* Products */;
			projectDirPath = "";
			projectRoot = "";
			targets = (
				BA7B691E1BC2C4AC00E144F6 /* FitForever */,
				BA7B69351BC2C4AC00E144F6 /* FitForeverTests */,
				BA7B69401BC2C4AC00E144F6 /* FitForeverUITests */,
			);
		};
/* End PBXProject section */

/* Begin PBXResourcesBuildPhase section */
		BA7B691D1BC2C4AC00E144F6 /* Resources */ = {
			isa = PBXResourcesBuildPhase;
			buildActionMask = 2147483647;
			files = (
				BA7B69301BC2C4AC00E144F6 /* LaunchScreen.storyboard in Resources */,
				BAE0630A1C0AAD2000495000 /* mosquito.png in Resources */,
				3349E71F1C2089EC007F417C /* CustomCell.xib in Resources */,
				3349E7231C2093FA007F417C /* QnACell.xib in Resources */,
				BAE37AA71C1333CF0068129F /* NewsFeedCell.xib in Resources */,
				BAE37A921C1317220068129F /* SuggestedDoctorsCell.xib in Resources */,
				228C00B11C243629001AC5C5 /* VendorCell.xib in Resources */,
				BAE37AA51C1330050068129F /* MedicineTreatmentCell.xib in Resources */,
				BAE37A9D1C132A670068129F /* Home.storyboard in Resources */,
				BAF5E6791C0C7F6400013E83 /* DoctorCell.xib in Resources */,
				BA7ABACC1BC9B32800F72108 /* GoogleService-Info.plist in Resources */,
				BA7B692D1BC2C4AC00E144F6 /* Assets.xcassets in Resources */,
				BAE37AA31C132F8B0068129F /* HealthTopicSearchCell.xib in Resources */,
				BA7B69281BC2C4AC00E144F6 /* Login.storyboard in Resources */,
				BAF5E6871C0E474F00013E83 /* search_data.json in Resources */,
				BAE37AAB1C133C3D0068129F /* AnswerByDoctorCollectionViewCell.xib in Resources */,
				224EF3141C24310100B4BB5F /* MedicineCell.xib in Resources */,
			);
			runOnlyForDeploymentPostprocessing = 0;
		};
		BA7B69341BC2C4AC00E144F6 /* Resources */ = {
			isa = PBXResourcesBuildPhase;
			buildActionMask = 2147483647;
			files = (
			);
			runOnlyForDeploymentPostprocessing = 0;
		};
		BA7B693F1BC2C4AC00E144F6 /* Resources */ = {
			isa = PBXResourcesBuildPhase;
			buildActionMask = 2147483647;
			files = (
			);
			runOnlyForDeploymentPostprocessing = 0;
		};
/* End PBXResourcesBuildPhase section */

/* Begin PBXShellScriptBuildPhase section */
		9536B6AEF856771465B44760 /* Copy Pods Resources */ = {
			isa = PBXShellScriptBuildPhase;
			buildActionMask = 2147483647;
			files = (
			);
			inputPaths = (
			);
			name = "Copy Pods Resources";
			outputPaths = (
			);
			runOnlyForDeploymentPostprocessing = 0;
			shellPath = /bin/sh;
			shellScript = "\"${SRCROOT}/Pods/Target Support Files/Pods-FitForever/Pods-FitForever-resources.sh\"\n";
			showEnvVarsInLog = 0;
		};
		BA7ABAC01BC996EB00F72108 /* ShellScript */ = {
			isa = PBXShellScriptBuildPhase;
			buildActionMask = 2147483647;
			files = (
			);
			inputPaths = (
			);
			outputPaths = (
			);
			runOnlyForDeploymentPostprocessing = 0;
			shellPath = /bin/sh;
			shellScript = "\"${PODS_ROOT}/Fabric/Fabric.framework/run\" 728f4154b735b6a8a611da825c32082364e01827 12636bdff4393798d16cea560f717989b4754be12715c720f6298557eb49729e";
		};
		CF4231F9593A650F118000AB /* Check Pods Manifest.lock */ = {
			isa = PBXShellScriptBuildPhase;
			buildActionMask = 2147483647;
			files = (
			);
			inputPaths = (
			);
			name = "Check Pods Manifest.lock";
			outputPaths = (
			);
			runOnlyForDeploymentPostprocessing = 0;
			shellPath = /bin/sh;
			shellScript = "diff \"${PODS_ROOT}/../Podfile.lock\" \"${PODS_ROOT}/Manifest.lock\" > /dev/null\nif [[ $? != 0 ]] ; then\n    cat << EOM\nerror: The sandbox is not in sync with the Podfile.lock. Run 'pod install' or update your CocoaPods installation.\nEOM\n    exit 1\nfi\n";
			showEnvVarsInLog = 0;
		};
		D29706F77F9F81F01E601D11 /* Embed Pods Frameworks */ = {
			isa = PBXShellScriptBuildPhase;
			buildActionMask = 2147483647;
			files = (
			);
			inputPaths = (
			);
			name = "Embed Pods Frameworks";
			outputPaths = (
			);
			runOnlyForDeploymentPostprocessing = 0;
			shellPath = /bin/sh;
			shellScript = "\"${SRCROOT}/Pods/Target Support Files/Pods-FitForever/Pods-FitForever-frameworks.sh\"\n";
			showEnvVarsInLog = 0;
		};
/* End PBXShellScriptBuildPhase section */

/* Begin PBXSourcesBuildPhase section */
		BA7B691B1BC2C4AC00E144F6 /* Sources */ = {
			isa = PBXSourcesBuildPhase;
			buildActionMask = 2147483647;
			files = (
				BA236D241BD19A5A00B64742 /* SearchViewController.swift in Sources */,
				BA7B695D1BC4EA0B00E144F6 /* AilmentViewController.swift in Sources */,
				BA236D351BD2352700B64742 /* ColorAndFont.swift in Sources */,
				BA7B695B1BC46A1500E144F6 /* Utility.swift in Sources */,
				BA7B69581BC45E9300E144F6 /* SignUpViewController.swift in Sources */,
				BA63D8C61BD0B9EF00A3BC02 /* LifeStyleCell.swift in Sources */,
				3349E71E1C2089EC007F417C /* CustomCell.swift in Sources */,
				BA7B69561BC4183700E144F6 /* Constants.swift in Sources */,
				BA236D261BD19A6900B64742 /* ProfileViewController.swift in Sources */,
				BA3303281BD3C4480034CE19 /* AilmentDetailViewController.swift in Sources */,
				BA236D2A1BD19A9200B64742 /* DoctorListViewController.swift in Sources */,
				BA236D281BD19A8300B64742 /* HealthPackageViewController.swift in Sources */,
				BA7B692B1BC2C4AC00E144F6 /* FitForever.xcdatamodeld in Sources */,
				3349E7221C2093FA007F417C /* QnACell.swift in Sources */,
				BAE063081C09C9F500495000 /* CustomRelationshipSegue.swift in Sources */,
				BA236D2F1BD19ADA00B64742 /* NotificationViewController.swift in Sources */,
				BAF5E6741C0AD15A00013E83 /* SuggestedDoctorsCell.swift in Sources */,
				BA236D201BD19A3A00B64742 /* AskViewController.swift in Sources */,
				BA236D331BD230DA00B64742 /* Strings.swift in Sources */,
				BAF5E6811C0DB16000013E83 /* HealthTopicSearchCell.swift in Sources */,
				BA2A87591BCA9D750076F86A /* NewsFeedCell.swift in Sources */,
				BA2A87551BCA97F00076F86A /* Extensions.swift in Sources */,
				BAF5E6831C0DDD2800013E83 /* MedicineTreatmentCell.swift in Sources */,
				BA236D221BD19A4A00B64742 /* WalletViewController.swift in Sources */,
				BA236D311BD22AAE00B64742 /* ProfileTableViewCell.swift in Sources */,
				BA7B69541BC416CC00E144F6 /* FacebookManager.swift in Sources */,
				228C00B01C243629001AC5C5 /* VendorCell.swift in Sources */,
				BAF5E6781C0C7F6400013E83 /* DoctorCell.swift in Sources */,
				224EF3131C24310100B4BB5F /* MedicineCell.swift in Sources */,
				BAE37AAA1C133C3D0068129F /* AnswerByDoctorCollectionViewCell.swift in Sources */,
				BA236D141BD1340800B64742 /* MoreViewController.swift in Sources */,
				BA236D2C1BD19AA000B64742 /* HistoryViewController.swift in Sources */,
				BA7B69251BC2C4AC00E144F6 /* SignInViewController.swift in Sources */,
				BA7B69231BC2C4AC00E144F6 /* AppDelegate.swift in Sources */,
				BAE063061C09C8DD00495000 /* CustomTabViewController.swift in Sources */,
			);
			runOnlyForDeploymentPostprocessing = 0;
		};
		BA7B69321BC2C4AC00E144F6 /* Sources */ = {
			isa = PBXSourcesBuildPhase;
			buildActionMask = 2147483647;
			files = (
				BA7B693B1BC2C4AC00E144F6 /* FitForeverTests.swift in Sources */,
			);
			runOnlyForDeploymentPostprocessing = 0;
		};
		BA7B693D1BC2C4AC00E144F6 /* Sources */ = {
			isa = PBXSourcesBuildPhase;
			buildActionMask = 2147483647;
			files = (
				BA7B69461BC2C4AC00E144F6 /* FitForeverUITests.swift in Sources */,
			);
			runOnlyForDeploymentPostprocessing = 0;
		};
/* End PBXSourcesBuildPhase section */

/* Begin PBXTargetDependency section */
		BA7B69381BC2C4AC00E144F6 /* PBXTargetDependency */ = {
			isa = PBXTargetDependency;
			target = BA7B691E1BC2C4AC00E144F6 /* FitForever */;
			targetProxy = BA7B69371BC2C4AC00E144F6 /* PBXContainerItemProxy */;
		};
		BA7B69431BC2C4AC00E144F6 /* PBXTargetDependency */ = {
			isa = PBXTargetDependency;
			target = BA7B691E1BC2C4AC00E144F6 /* FitForever */;
			targetProxy = BA7B69421BC2C4AC00E144F6 /* PBXContainerItemProxy */;
		};
/* End PBXTargetDependency section */

/* Begin PBXVariantGroup section */
		BA7B69261BC2C4AC00E144F6 /* Login.storyboard */ = {
			isa = PBXVariantGroup;
			children = (
				BA7B69271BC2C4AC00E144F6 /* Base */,
			);
			name = Login.storyboard;
			sourceTree = "<group>";
		};
		BA7B692E1BC2C4AC00E144F6 /* LaunchScreen.storyboard */ = {
			isa = PBXVariantGroup;
			children = (
				BA7B692F1BC2C4AC00E144F6 /* Base */,
			);
			name = LaunchScreen.storyboard;
			sourceTree = "<group>";
		};
		BAE37A9B1C132A670068129F /* Home.storyboard */ = {
			isa = PBXVariantGroup;
			children = (
				BAE37A9C1C132A670068129F /* Base */,
			);
			name = Home.storyboard;
			sourceTree = "<group>";
		};
/* End PBXVariantGroup section */

/* Begin XCBuildConfiguration section */
		BA7B69481BC2C4AC00E144F6 /* Debug */ = {
			isa = XCBuildConfiguration;
			buildSettings = {
				ALWAYS_SEARCH_USER_PATHS = NO;
				CLANG_CXX_LANGUAGE_STANDARD = "gnu++0x";
				CLANG_CXX_LIBRARY = "libc++";
				CLANG_ENABLE_MODULES = YES;
				CLANG_ENABLE_OBJC_ARC = YES;
				CLANG_WARN_BOOL_CONVERSION = YES;
				CLANG_WARN_CONSTANT_CONVERSION = YES;
				CLANG_WARN_DIRECT_OBJC_ISA_USAGE = YES_ERROR;
				CLANG_WARN_EMPTY_BODY = YES;
				CLANG_WARN_ENUM_CONVERSION = YES;
				CLANG_WARN_INT_CONVERSION = YES;
				CLANG_WARN_OBJC_ROOT_CLASS = YES_ERROR;
				CLANG_WARN_UNREACHABLE_CODE = YES;
				CLANG_WARN__DUPLICATE_METHOD_MATCH = YES;
				"CODE_SIGN_IDENTITY[sdk=iphoneos*]" = "iPhone Developer";
				COPY_PHASE_STRIP = NO;
				DEBUG_INFORMATION_FORMAT = dwarf;
				ENABLE_STRICT_OBJC_MSGSEND = YES;
				ENABLE_TESTABILITY = YES;
				GCC_C_LANGUAGE_STANDARD = gnu99;
				GCC_DYNAMIC_NO_PIC = NO;
				GCC_NO_COMMON_BLOCKS = YES;
				GCC_OPTIMIZATION_LEVEL = 0;
				GCC_PREPROCESSOR_DEFINITIONS = (
					"DEBUG=1",
					"$(inherited)",
				);
				GCC_WARN_64_TO_32_BIT_CONVERSION = YES;
				GCC_WARN_ABOUT_RETURN_TYPE = YES_ERROR;
				GCC_WARN_UNDECLARED_SELECTOR = YES;
				GCC_WARN_UNINITIALIZED_AUTOS = YES_AGGRESSIVE;
				GCC_WARN_UNUSED_FUNCTION = YES;
				GCC_WARN_UNUSED_VARIABLE = YES;
				IPHONEOS_DEPLOYMENT_TARGET = 9.0;
				MTL_ENABLE_DEBUG_INFO = YES;
				ONLY_ACTIVE_ARCH = YES;
				SDKROOT = iphoneos;
				SWIFT_OPTIMIZATION_LEVEL = "-Onone";
				TARGETED_DEVICE_FAMILY = "1,2";
			};
			name = Debug;
		};
		BA7B69491BC2C4AC00E144F6 /* Release */ = {
			isa = XCBuildConfiguration;
			buildSettings = {
				ALWAYS_SEARCH_USER_PATHS = NO;
				CLANG_CXX_LANGUAGE_STANDARD = "gnu++0x";
				CLANG_CXX_LIBRARY = "libc++";
				CLANG_ENABLE_MODULES = YES;
				CLANG_ENABLE_OBJC_ARC = YES;
				CLANG_WARN_BOOL_CONVERSION = YES;
				CLANG_WARN_CONSTANT_CONVERSION = YES;
				CLANG_WARN_DIRECT_OBJC_ISA_USAGE = YES_ERROR;
				CLANG_WARN_EMPTY_BODY = YES;
				CLANG_WARN_ENUM_CONVERSION = YES;
				CLANG_WARN_INT_CONVERSION = YES;
				CLANG_WARN_OBJC_ROOT_CLASS = YES_ERROR;
				CLANG_WARN_UNREACHABLE_CODE = YES;
				CLANG_WARN__DUPLICATE_METHOD_MATCH = YES;
				"CODE_SIGN_IDENTITY[sdk=iphoneos*]" = "iPhone Developer";
				COPY_PHASE_STRIP = NO;
				DEBUG_INFORMATION_FORMAT = "dwarf-with-dsym";
				ENABLE_NS_ASSERTIONS = NO;
				ENABLE_STRICT_OBJC_MSGSEND = YES;
				GCC_C_LANGUAGE_STANDARD = gnu99;
				GCC_NO_COMMON_BLOCKS = YES;
				GCC_WARN_64_TO_32_BIT_CONVERSION = YES;
				GCC_WARN_ABOUT_RETURN_TYPE = YES_ERROR;
				GCC_WARN_UNDECLARED_SELECTOR = YES;
				GCC_WARN_UNINITIALIZED_AUTOS = YES_AGGRESSIVE;
				GCC_WARN_UNUSED_FUNCTION = YES;
				GCC_WARN_UNUSED_VARIABLE = YES;
				IPHONEOS_DEPLOYMENT_TARGET = 9.0;
				MTL_ENABLE_DEBUG_INFO = NO;
				SDKROOT = iphoneos;
				TARGETED_DEVICE_FAMILY = "1,2";
				VALIDATE_PRODUCT = YES;
			};
			name = Release;
		};
		BA7B694B1BC2C4AC00E144F6 /* Debug */ = {
			isa = XCBuildConfiguration;
			baseConfigurationReference = C921EA658E686C973F34CEEF /* Pods-FitForever.debug.xcconfig */;
			buildSettings = {
				ASSETCATALOG_COMPILER_APPICON_NAME = AppIcon;
				CLANG_ENABLE_MODULES = YES;
				INFOPLIST_FILE = FitForever/Info.plist;
				IPHONEOS_DEPLOYMENT_TARGET = 8.0;
				LD_RUNPATH_SEARCH_PATHS = "$(inherited) @executable_path/Frameworks";
				PRODUCT_BUNDLE_IDENTIFIER = com.fitforever.FitForever;
				PRODUCT_NAME = "$(TARGET_NAME)";
				SWIFT_OBJC_BRIDGING_HEADER = "";
				SWIFT_OPTIMIZATION_LEVEL = "-Onone";
			};
			name = Debug;
		};
		BA7B694C1BC2C4AC00E144F6 /* Release */ = {
			isa = XCBuildConfiguration;
			baseConfigurationReference = 4D7320EC273A0DD36BF41312 /* Pods-FitForever.release.xcconfig */;
			buildSettings = {
				ASSETCATALOG_COMPILER_APPICON_NAME = AppIcon;
				CLANG_ENABLE_MODULES = YES;
				INFOPLIST_FILE = FitForever/Info.plist;
				IPHONEOS_DEPLOYMENT_TARGET = 8.0;
				LD_RUNPATH_SEARCH_PATHS = "$(inherited) @executable_path/Frameworks";
				PRODUCT_BUNDLE_IDENTIFIER = com.fitforever.FitForever;
				PRODUCT_NAME = "$(TARGET_NAME)";
				SWIFT_OBJC_BRIDGING_HEADER = "";
			};
			name = Release;
		};
		BA7B694E1BC2C4AC00E144F6 /* Debug */ = {
			isa = XCBuildConfiguration;
			buildSettings = {
				BUNDLE_LOADER = "$(TEST_HOST)";
				INFOPLIST_FILE = FitForeverTests/Info.plist;
				LD_RUNPATH_SEARCH_PATHS = "$(inherited) @executable_path/Frameworks @loader_path/Frameworks";
				PRODUCT_BUNDLE_IDENTIFIER = com.fitforever.FitForeverTests;
				PRODUCT_NAME = "$(TARGET_NAME)";
				TEST_HOST = "$(BUILT_PRODUCTS_DIR)/FitForever.app/FitForever";
			};
			name = Debug;
		};
		BA7B694F1BC2C4AC00E144F6 /* Release */ = {
			isa = XCBuildConfiguration;
			buildSettings = {
				BUNDLE_LOADER = "$(TEST_HOST)";
				INFOPLIST_FILE = FitForeverTests/Info.plist;
				LD_RUNPATH_SEARCH_PATHS = "$(inherited) @executable_path/Frameworks @loader_path/Frameworks";
				PRODUCT_BUNDLE_IDENTIFIER = com.fitforever.FitForeverTests;
				PRODUCT_NAME = "$(TARGET_NAME)";
				TEST_HOST = "$(BUILT_PRODUCTS_DIR)/FitForever.app/FitForever";
			};
			name = Release;
		};
		BA7B69511BC2C4AC00E144F6 /* Debug */ = {
			isa = XCBuildConfiguration;
			buildSettings = {
				INFOPLIST_FILE = FitForeverUITests/Info.plist;
				LD_RUNPATH_SEARCH_PATHS = "$(inherited) @executable_path/Frameworks @loader_path/Frameworks";
				PRODUCT_BUNDLE_IDENTIFIER = com.fitforever.FitForeverUITests;
				PRODUCT_NAME = "$(TARGET_NAME)";
				TEST_TARGET_NAME = FitForever;
				USES_XCTRUNNER = YES;
			};
			name = Debug;
		};
		BA7B69521BC2C4AC00E144F6 /* Release */ = {
			isa = XCBuildConfiguration;
			buildSettings = {
				INFOPLIST_FILE = FitForeverUITests/Info.plist;
				LD_RUNPATH_SEARCH_PATHS = "$(inherited) @executable_path/Frameworks @loader_path/Frameworks";
				PRODUCT_BUNDLE_IDENTIFIER = com.fitforever.FitForeverUITests;
				PRODUCT_NAME = "$(TARGET_NAME)";
				TEST_TARGET_NAME = FitForever;
				USES_XCTRUNNER = YES;
			};
			name = Release;
		};
/* End XCBuildConfiguration section */

/* Begin XCConfigurationList section */
		BA7B691A1BC2C4AB00E144F6 /* Build configuration list for PBXProject "FitForever" */ = {
			isa = XCConfigurationList;
			buildConfigurations = (
				BA7B69481BC2C4AC00E144F6 /* Debug */,
				BA7B69491BC2C4AC00E144F6 /* Release */,
			);
			defaultConfigurationIsVisible = 0;
			defaultConfigurationName = Release;
		};
		BA7B694A1BC2C4AC00E144F6 /* Build configuration list for PBXNativeTarget "FitForever" */ = {
			isa = XCConfigurationList;
			buildConfigurations = (
				BA7B694B1BC2C4AC00E144F6 /* Debug */,
				BA7B694C1BC2C4AC00E144F6 /* Release */,
			);
			defaultConfigurationIsVisible = 0;
			defaultConfigurationName = Release;
		};
		BA7B694D1BC2C4AC00E144F6 /* Build configuration list for PBXNativeTarget "FitForeverTests" */ = {
			isa = XCConfigurationList;
			buildConfigurations = (
				BA7B694E1BC2C4AC00E144F6 /* Debug */,
				BA7B694F1BC2C4AC00E144F6 /* Release */,
			);
			defaultConfigurationIsVisible = 0;
			defaultConfigurationName = Release;
		};
		BA7B69501BC2C4AC00E144F6 /* Build configuration list for PBXNativeTarget "FitForeverUITests" */ = {
			isa = XCConfigurationList;
			buildConfigurations = (
				BA7B69511BC2C4AC00E144F6 /* Debug */,
				BA7B69521BC2C4AC00E144F6 /* Release */,
			);
			defaultConfigurationIsVisible = 0;
			defaultConfigurationName = Release;
		};
/* End XCConfigurationList section */

/* Begin XCVersionGroup section */
		BA7B69291BC2C4AC00E144F6 /* FitForever.xcdatamodeld */ = {
			isa = XCVersionGroup;
			children = (
				BA7B692A1BC2C4AC00E144F6 /* FitForever.xcdatamodel */,
			);
			currentVersion = BA7B692A1BC2C4AC00E144F6 /* FitForever.xcdatamodel */;
			path = FitForever.xcdatamodeld;
			sourceTree = "<group>";
			versionGroupType = wrapper.xcdatamodel;
		};
/* End XCVersionGroup section */
	};
	rootObject = BA7B69171BC2C4AB00E144F6 /* Project object */;
}
